{
  "nodes": {
    "home-manager": {
      "inputs": {
        "nixpkgs": [
          "nixpkgs"
        ]
      },
      "locked": {
        "lastModified": 1739757849,
        "narHash": "sha256-Gs076ot1YuAAsYVcyidLKUMIc4ooOaRGO0PqTY7sBzA=",
        "owner": "nix-community",
        "repo": "home-manager",
        "rev": "9d3d080aec2a35e05a15cedd281c2384767c2cfe",
        "type": "github"
      },
      "original": {
        "owner": "nix-community",
        "ref": "release-24.11",
        "repo": "home-manager",
        "type": "github"
      }
    },
    "nixos-hardware": {
      "locked": {
        "lastModified": 1740646007,
        "narHash": "sha256-dMReDQobS3kqoiUCQIYI9c0imPXRZnBubX20yX/G5LE=",
        "owner": "NixOS",
        "repo": "nixos-hardware",
        "rev": "009b764ac98a3602d41fc68072eeec5d24fc0e49",
        "type": "github"
      },
      "original": {
        "owner": "NixOS",
        "ref": "master",
        "repo": "nixos-hardware",
        "type": "github"
      }
    },
    "nixpkgs": {
      "locked": {
        "lastModified": 1741048562,
        "narHash": "sha256-W4YZ3fvWZiFYYyd900kh8P8wU6DHSiwaH0j4+fai1Sk=",
        "owner": "nixos",
        "repo": "nixpkgs",
        "rev": "6af28b834daca767a7ef99f8a7defa957d0ade6f",
        "type": "github"
      },
      "original": {
        "owner": "nixos",
        "ref": "nixos-24.11",
        "repo": "nixpkgs",
        "type": "github"
      }
    },
    "root": {
      "inputs": {
        "home-manager": "home-manager",
        "nixos-hardware": "nixos-hardware",
        "nixpkgs": "nixpkgs",
        "unstable": "unstable"
      }
    },
    "unstable": {
      "locked": {
        "lastModified": 1741173522,
        "narHash": "sha256-k7VSqvv0r1r53nUI/IfPHCppkUAddeXn843YlAC5DR0=",
        "owner": "NixOS",
        "repo": "nixpkgs",
        "rev": "d69ab0d71b22fa1ce3dbeff666e6deb4917db049",
        "type": "github"
      },
      "original": {
        "id": "nixpkgs",
        "ref": "nixos-unstable",
        "type": "indirect"
      }
    }
  },
  "root": "root",
  "version": 7
}
